{
    "_meta": {
        "hash": {
            "sha256": "a0e98b460ab4399348206464a580bc4811aab8a4bed63e516171fd47d1027706"
        },
        "pipfile-spec": 6,
        "requires": {
            "python_version": "3.8"
        },
        "sources": [
            {
                "name": "pypi",
                "url": "https://pypi.org/simple",
                "verify_ssl": true
            }
        ]
    },
    "default": {
        "attrs": {
            "hashes": [
                "sha256:31b2eced602aa8423c2aea9c76a724617ed67cf9513173fd3a4f03e3a929c7e6",
                "sha256:832aa3cde19744e49938b91fea06d69ecb9e649c93ba974535d08ad92164f700"
            ],
            "version": "==20.3.0"
        },
        "biopython": {
            "hashes": [
                "sha256:01951f2474b9fbd38fa34678d2e3fab95497ea3ffa0a5570b2444dd3f906d730",
                "sha256:0f3747f985e1890eb267752c4ef0163366a2232cbda4ff3b750dfd3b68e373dc",
                "sha256:1d9f473ea96fa4eafa8dba5c1e0c2e98876a93a63a5b90a8eeda9b9192ad18d9",
                "sha256:20550cad24f66d4c47be556464e892c3e7cadeadb83e28cd3118297dd4bc361b",
                "sha256:3071a4d3e93baa316b3016039335d23d854e922335a6af96af58645d5c7ee676",
                "sha256:3873cb98dad5e28d5e3f2215a012565345a398d3d2c4eebf7cd701757b828c72",
                "sha256:45d91b68f65c1ec6f9bcae1b07bd836c2b99de612d1502a2f08d59502b77e5c6",
                "sha256:4710fdaafdab18f20e5ff3e72732da4fe23c49e5bc0879c8cc07739cdd6b8088",
                "sha256:526e01568d8ec12f161fb800e967ede2943bf1b61d44151bdc7e4242e58733ff",
                "sha256:5f39d2ea4fb0d97fa2e3e8cb55f30dc82475cb95743e45779ffe2c2fd77ece5d",
                "sha256:61bb0effa0252e3f296c49867f3303ecbb0f67d03730482141ff4b204a2b400c",
                "sha256:628442d2cbdc0dfc04bd2f2cdc5d73712e2c30e6de4192f9cc6dc6badd3d8205",
                "sha256:637795f150c15fdc122bef6798c4189c9f3c3a6f0d18bfbfaf3cc150fcdf6796",
                "sha256:680b688ad6030b7efdd01eb2b9f0b3097b9ad509e9964597760a09dea5cdd5af",
                "sha256:76a6bee1429e88eeaed4aa858bb9f656f44c79db40f726767659e4f95b2fcdb5",
                "sha256:98c9b3e03233753cf5f3b6690a4be790f79a6ec290e2a578be1f0e2d982cf43b",
                "sha256:aee7756947bc79cbcf5a9087ae34d0318f02d85fd5e1914e7fe3dddd4df93520",
                "sha256:b1a29524cbea4eb7d6ef9c2626c8fdc3d21a1a0790b7a5a6725bfc57e129be39",
                "sha256:b4d7f28c53884a9282ba3cc5e2887ae40ce2b4abfbb78cfb7a33bebe06a8c43a",
                "sha256:d7cd8a169da9b44f878e218a51a494a7ccc5966a108f8607dcab360367fba6f3",
                "sha256:e09d7ae93f93639d58d9314a47ccf8ee9fde4a9e36ba810cd0843b4afd1b1ddc",
                "sha256:e3cad3ff77d19211430816e2bb5dd891b6a29f19e2441ef786979c42746c10b9",
                "sha256:e75b9400aa6122f2c5af75111426a1a07f1ab078b47bd8ef0ff9ca6c54fd398e",
                "sha256:f0c269d202c24fa1dc5afd4067320e1e9447904f31d0e7398b76c24e35fed35c",
                "sha256:f5a14d4122b126f21e1d623a3e2e6723101840516fce15f225e69608dc023302"
            ],
            "index": "pypi",
            "version": "==1.76"
        },
        "more-itertools": {
            "hashes": [
                "sha256:5652a9ac72209ed7df8d9c15daf4e1aa0e3d2ccd3c87f8265a0673cd9cbc9ced",
                "sha256:c5d6da9ca3ff65220c3bfd2a8db06d698f05d4d2b9be57e1deb2be5a45019713"
            ],
            "version": "==8.7.0"
        },
        "numpy": {
            "hashes": [
                "sha256:2428b109306075d89d21135bdd6b785f132a1f5a3260c371cee1fae427e12727",
                "sha256:377751954da04d4a6950191b20539066b4e19e3b559d4695399c5e8e3e683bf6",
                "sha256:4703b9e937df83f5b6b7447ca5912b5f5f297aba45f91dbbbc63ff9278c7aa98",
                "sha256:471c0571d0895c68da309dacee4e95a0811d0a9f9f532a48dc1bea5f3b7ad2b7",
                "sha256:61d5b4cf73622e4d0c6b83408a16631b670fc045afd6540679aa35591a17fe6d",
                "sha256:6c915ee7dba1071554e70a3664a839fbc033e1d6528199d4621eeaaa5487ccd2",
                "sha256:6e51e417d9ae2e7848314994e6fc3832c9d426abce9328cf7571eefceb43e6c9",
                "sha256:719656636c48be22c23641859ff2419b27b6bdf844b36a2447cb39caceb00935",
                "sha256:780ae5284cb770ade51d4b4a7dce4faa554eb1d88a56d0e8b9f35fca9b0270ff",
                "sha256:878922bf5ad7550aa044aa9301d417e2d3ae50f0f577de92051d739ac6096cee",
                "sha256:924dc3f83de20437de95a73516f36e09918e9c9c18d5eac520062c49191025fb",
                "sha256:97ce8b8ace7d3b9288d88177e66ee75480fb79b9cf745e91ecfe65d91a856042",
                "sha256:9c0fab855ae790ca74b27e55240fe4f2a36a364a3f1ebcfd1fb5ac4088f1cec3",
                "sha256:9cab23439eb1ebfed1aaec9cd42b7dc50fc96d5cd3147da348d9161f0501ada5",
                "sha256:a8e6859913ec8eeef3dbe9aed3bf475347642d1cdd6217c30f28dee8903528e6",
                "sha256:aa046527c04688af680217fffac61eec2350ef3f3d7320c07fd33f5c6e7b4d5f",
                "sha256:abc81829c4039e7e4c30f7897938fa5d4916a09c2c7eb9b244b7a35ddc9656f4",
                "sha256:bad70051de2c50b1a6259a6df1daaafe8c480ca98132da98976d8591c412e737",
                "sha256:c73a7975d77f15f7f68dacfb2bca3d3f479f158313642e8ea9058eea06637931",
                "sha256:d15007f857d6995db15195217afdbddfcd203dfaa0ba6878a2f580eaf810ecd6",
                "sha256:d76061ae5cab49b83a8cf3feacefc2053fac672728802ac137dd8c4123397677",
                "sha256:e8e4fbbb7e7634f263c5b0150a629342cc19b47c5eba8d1cd4363ab3455ab576",
                "sha256:e9459f40244bb02b2f14f6af0cd0732791d72232bbb0dc4bab57ef88e75f6935",
                "sha256:edb1f041a9146dcf02cd7df7187db46ab524b9af2515f392f337c7cbbf5b52cd"
            ],
            "version": "==1.20.2"
        },
        "packaging": {
            "hashes": [
                "sha256:5b327ac1320dc863dca72f4514ecc086f31186744b84a230374cc1fd776feae5",
                "sha256:67714da7f7bc052e064859c05c595155bd1ee9f69f76557e21f051443c20947a"
            ],
            "version": "==20.9"
        },
        "pluggy": {
            "hashes": [
                "sha256:15b2acde666561e1298d71b523007ed7364de07029219b604cf808bfa1c765b0",
                "sha256:966c145cd83c96502c3c3868f50408687b38434af77734af1e9ca461a4081d2d"
            ],
            "version": "==0.13.1"
        },
        "py": {
            "hashes": [
                "sha256:21b81bda15b66ef5e1a777a21c4dcd9c20ad3efd0b3f817e7a809035269e1bd3",
                "sha256:3b80836aa6d1feeaa108e046da6423ab8f6ceda6468545ae8d02d9d58d18818a"
            ],
            "index": "pypi",
            "version": "==1.10.0"
        },
        "pyparsing": {
            "hashes": [
                "sha256:c203ec8783bf771a155b207279b9bccb8dea02d8f0c9e5f8ead507bc3246ecc1",
                "sha256:ef9d7589ef3c200abe66653d3f1ab1033c3c419ae9b9bdb1240a85b024efc88b"
            ],
            "version": "==2.4.7"
        },
        "pytest": {
            "hashes": [
                "sha256:0e5b30f5cb04e887b91b1ee519fa3d89049595f428c1db76e73bd7f17b09b172",
                "sha256:84dde37075b8805f3d1f392cc47e38a0e59518fb46a431cfdaf7cf1ce805f970"
            ],
            "index": "pypi",
            "version": "==5.4.1"
        },
        "wcwidth": {
            "hashes": [
                "sha256:beb4802a9cebb9144e99086eff703a642a13d6a0052920003a230f3294bbe784",
                "sha256:c4d647b99872929fdb7bdcaa4fbe7f01413ed3d98077df798530e5b04f116c83"
            ],
            "version": "==0.2.5"
        }
    },
    "develop": {}
}
